// !$*UTF8*$!
{
	archiveVersion = 1;
	classes = {
	};
	objectVersion = 56;
	objects = {

/* Begin PBXBuildFile section */
		E37876B52AE3C1C600AE5AB4 /* EmojiPickerApp.swift in Sources */ = {isa = PBXBuildFile; fileRef = E37876B42AE3C1C600AE5AB4 /* EmojiPickerApp.swift */; };
		E37876B72AE3C1C600AE5AB4 /* ContentView.swift in Sources */ = {isa = PBXBuildFile; fileRef = E37876B62AE3C1C600AE5AB4 /* ContentView.swift */; };
		E37876B92AE3C1C800AE5AB4 /* Assets.xcassets in Resources */ = {isa = PBXBuildFile; fileRef = E37876B82AE3C1C800AE5AB4 /* Assets.xcassets */; };
		E37876BC2AE3C1C800AE5AB4 /* Preview Assets.xcassets in Resources */ = {isa = PBXBuildFile; fileRef = E37876BB2AE3C1C800AE5AB4 /* Preview Assets.xcassets */; };
		E37876C62AE3C1C800AE5AB4 /* EmojiPickerTests.swift in Sources */ = {isa = PBXBuildFile; fileRef = E37876C52AE3C1C800AE5AB4 /* EmojiPickerTests.swift */; };
		E37876D02AE3C1C800AE5AB4 /* EmojiPickerUITests.swift in Sources */ = {isa = PBXBuildFile; fileRef = E37876CF2AE3C1C800AE5AB4 /* EmojiPickerUITests.swift */; };
		E37876D22AE3C1C800AE5AB4 /* EmojiPickerUITestsLaunchTests.swift in Sources */ = {isa = PBXBuildFile; fileRef = E37876D12AE3C1C800AE5AB4 /* EmojiPickerUITestsLaunchTests.swift */; };
/* End PBXBuildFile section */

/* Begin PBXContainerItemProxy section */
		E37876C22AE3C1C800AE5AB4 /* PBXContainerItemProxy */ = {
			isa = PBXContainerItemProxy;
			containerPortal = E37876A92AE3C1C600AE5AB4 /* Project object */;
			proxyType = 1;
			remoteGlobalIDString = E37876B02AE3C1C600AE5AB4;
			remoteInfo = EmojiPicker;
		};
		E37876CC2AE3C1C800AE5AB4 /* PBXContainerItemProxy */ = {
			isa = PBXContainerItemProxy;
			containerPortal = E37876A92AE3C1C600AE5AB4 /* Project object */;
			proxyType = 1;
			remoteGlobalIDString = E37876B02AE3C1C600AE5AB4;
			remoteInfo = EmojiPicker;
		};
/* End PBXContainerItemProxy section */

/* Begin PBXFileReference section */
		E37876B12AE3C1C600AE5AB4 /* EmojiPicker.app */ = {isa = PBXFileReference; explicitFileType = wrapper.application; includeInIndex = 0; path = EmojiPicker.app; sourceTree = BUILT_PRODUCTS_DIR; };
		E37876B42AE3C1C600AE5AB4 /* EmojiPickerApp.swift */ = {isa = PBXFileReference; lastKnownFileType = sourcecode.swift; path = EmojiPickerApp.swift; sourceTree = "<group>"; };
		E37876B62AE3C1C600AE5AB4 /* ContentView.swift */ = {isa = PBXFileReference; lastKnownFileType = sourcecode.swift; path = ContentView.swift; sourceTree = "<group>"; };
		E37876B82AE3C1C800AE5AB4 /* Assets.xcassets */ = {isa = PBXFileReference; lastKnownFileType = folder.assetcatalog; path = Assets.xcassets; sourceTree = "<group>"; };
		E37876BB2AE3C1C800AE5AB4 /* Preview Assets.xcassets */ = {isa = PBXFileReference; lastKnownFileType = folder.assetcatalog; path = "Preview Assets.xcassets"; sourceTree = "<group>"; };
		E37876C12AE3C1C800AE5AB4 /* EmojiPickerTests.xctest */ = {isa = PBXFileReference; explicitFileType = wrapper.cfbundle; includeInIndex = 0; path = EmojiPickerTests.xctest; sourceTree = BUILT_PRODUCTS_DIR; };
		E37876C52AE3C1C800AE5AB4 /* EmojiPickerTests.swift */ = {isa = PBXFileReference; lastKnownFileType = sourcecode.swift; path = EmojiPickerTests.swift; sourceTree = "<group>"; };
		E37876CB2AE3C1C800AE5AB4 /* EmojiPickerUITests.xctest */ = {isa = PBXFileReference; explicitFileType = wrapper.cfbundle; includeInIndex = 0; path = EmojiPickerUITests.xctest; sourceTree = BUILT_PRODUCTS_DIR; };
		E37876CF2AE3C1C800AE5AB4 /* EmojiPickerUITests.swift */ = {isa = PBXFileReference; lastKnownFileType = sourcecode.swift; path = EmojiPickerUITests.swift; sourceTree = "<group>"; };
		E37876D12AE3C1C800AE5AB4 /* EmojiPickerUITestsLaunchTests.swift */ = {isa = PBXFileReference; lastKnownFileType = sourcecode.swift; path = EmojiPickerUITestsLaunchTests.swift; sourceTree = "<group>"; };
/* End PBXFileReference section */

/* Begin PBXFrameworksBuildPhase section */
		E37876AE2AE3C1C600AE5AB4 /* Frameworks */ = {
			isa = PBXFrameworksBuildPhase;
			buildActionMask = 2147483647;
			files = (
			);
			runOnlyForDeploymentPostprocessing = 0;
		};
		E37876BE2AE3C1C800AE5AB4 /* Frameworks */ = {
			isa = PBXFrameworksBuildPhase;
			buildActionMask = 2147483647;
			files = (
			);
			runOnlyForDeploymentPostprocessing = 0;
		};
		E37876C82AE3C1C800AE5AB4 /* Frameworks */ = {
			isa = PBXFrameworksBuildPhase;
			buildActionMask = 2147483647;
			files = (
			);
			runOnlyForDeploymentPostprocessing = 0;
		};
/* End PBXFrameworksBuildPhase section */

/* Begin PBXGroup section */
		E37876A82AE3C1C600AE5AB4 = {
			isa = PBXGroup;
			children = (
				E37876B32AE3C1C600AE5AB4 /* EmojiPicker */,
				E37876C42AE3C1C800AE5AB4 /* EmojiPickerTests */,
				E37876CE2AE3C1C800AE5AB4 /* EmojiPickerUITests */,
				E37876B22AE3C1C600AE5AB4 /* Products */,
			);
			sourceTree = "<group>";
		};
		E37876B22AE3C1C600AE5AB4 /* Products */ = {
			isa = PBXGroup;
			children = (
				E37876B12AE3C1C600AE5AB4 /* EmojiPicker.app */,
				E37876C12AE3C1C800AE5AB4 /* EmojiPickerTests.xctest */,
				E37876CB2AE3C1C800AE5AB4 /* EmojiPickerUITests.xctest */,
			);
			name = Products;
			sourceTree = "<group>";
		};
		E37876B32AE3C1C600AE5AB4 /* EmojiPicker */ = {
			isa = PBXGroup;
			children = (
				E37876B42AE3C1C600AE5AB4 /* EmojiPickerApp.swift */,
				E37876B62AE3C1C600AE5AB4 /* ContentView.swift */,
				E37876B82AE3C1C800AE5AB4 /* Assets.xcassets */,
				E37876BA2AE3C1C800AE5AB4 /* Preview Content */,
			);
			path = EmojiPicker;
			sourceTree = "<group>";
		};
		E37876BA2AE3C1C800AE5AB4 /* Preview Content */ = {
			isa = PBXGroup;
			children = (
				E37876BB2AE3C1C800AE5AB4 /* Preview Assets.xcassets */,
			);
			path = "Preview Content";
			sourceTree = "<group>";
		};
		E37876C42AE3C1C800AE5AB4 /* EmojiPickerTests */ = {
			isa = PBXGroup;
			children = (
				E37876C52AE3C1C800AE5AB4 /* EmojiPickerTests.swift */,
			);
			path = EmojiPickerTests;
			sourceTree = "<group>";
		};
		E37876CE2AE3C1C800AE5AB4 /* EmojiPickerUITests */ = {
			isa = PBXGroup;
			children = (
				E37876CF2AE3C1C800AE5AB4 /* EmojiPickerUITests.swift */,
				E37876D12AE3C1C800AE5AB4 /* EmojiPickerUITestsLaunchTests.swift */,
			);
			path = EmojiPickerUITests;
			sourceTree = "<group>";
		};
/* End PBXGroup section */

/* Begin PBXNativeTarget section */
		E37876B02AE3C1C600AE5AB4 /* EmojiPicker */ = {
			isa = PBXNativeTarget;
			buildConfigurationList = E37876D52AE3C1C800AE5AB4 /* Build configuration list for PBXNativeTarget "EmojiPicker" */;
			buildPhases = (
				E37876AD2AE3C1C600AE5AB4 /* Sources */,
				E37876AE2AE3C1C600AE5AB4 /* Frameworks */,
				E37876AF2AE3C1C600AE5AB4 /* Resources */,
			);
			buildRules = (
			);
			dependencies = (
			);
			name = EmojiPicker;
			productName = EmojiPicker;
			productReference = E37876B12AE3C1C600AE5AB4 /* EmojiPicker.app */;
			productType = "com.apple.product-type.application";
		};
		E37876C02AE3C1C800AE5AB4 /* EmojiPickerTests */ = {
			isa = PBXNativeTarget;
			buildConfigurationList = E37876D82AE3C1C800AE5AB4 /* Build configuration list for PBXNativeTarget "EmojiPickerTests" */;
			buildPhases = (
				E37876BD2AE3C1C800AE5AB4 /* Sources */,
				E37876BE2AE3C1C800AE5AB4 /* Frameworks */,
				E37876BF2AE3C1C800AE5AB4 /* Resources */,
			);
			buildRules = (
			);
			dependencies = (
				E37876C32AE3C1C800AE5AB4 /* PBXTargetDependency */,
			);
			name = EmojiPickerTests;
			productName = EmojiPickerTests;
			productReference = E37876C12AE3C1C800AE5AB4 /* EmojiPickerTests.xctest */;
			productType = "com.apple.product-type.bundle.unit-test";
		};
		E37876CA2AE3C1C800AE5AB4 /* EmojiPickerUITests */ = {
			isa = PBXNativeTarget;
			buildConfigurationList = E37876DB2AE3C1C800AE5AB4 /* Build configuration list for PBXNativeTarget "EmojiPickerUITests" */;
			buildPhases = (
				E37876C72AE3C1C800AE5AB4 /* Sources */,
				E37876C82AE3C1C800AE5AB4 /* Frameworks */,
				E37876C92AE3C1C800AE5AB4 /* Resources */,
			);
			buildRules = (
			);
			dependencies = (
				E37876CD2AE3C1C800AE5AB4 /* PBXTargetDependency */,
			);
			name = EmojiPickerUITests;
			productName = EmojiPickerUITests;
			productReference = E37876CB2AE3C1C800AE5AB4 /* EmojiPickerUITests.xctest */;
			productType = "com.apple.product-type.bundle.ui-testing";
		};
/* End PBXNativeTarget section */

/* Begin PBXProject section */
		E37876A92AE3C1C600AE5AB4 /* Project object */ = {
			isa = PBXProject;
			attributes = {
				BuildIndependentTargetsInParallel = 1;
				LastSwiftUpdateCheck = 1500;
				LastUpgradeCheck = 1500;
				TargetAttributes = {
					E37876B02AE3C1C600AE5AB4 = {
						CreatedOnToolsVersion = 15.0.1;
					};
					E37876C02AE3C1C800AE5AB4 = {
						CreatedOnToolsVersion = 15.0.1;
						TestTargetID = E37876B02AE3C1C600AE5AB4;
					};
					E37876CA2AE3C1C800AE5AB4 = {
						CreatedOnToolsVersion = 15.0.1;
						TestTargetID = E37876B02AE3C1C600AE5AB4;
					};
				};
			};
			buildConfigurationList = E37876AC2AE3C1C600AE5AB4 /* Build configuration list for PBXProject "EmojiPicker" */;
			compatibilityVersion = "Xcode 14.0";
			developmentRegion = en;
			hasScannedForEncodings = 0;
			knownRegions = (
				en,
				Base,
			);
			mainGroup = E37876A82AE3C1C600AE5AB4;
			productRefGroup = E37876B22AE3C1C600AE5AB4 /* Products */;
			projectDirPath = "";
			projectRoot = "";
			targets = (
				E37876B02AE3C1C600AE5AB4 /* EmojiPicker */,
				E37876C02AE3C1C800AE5AB4 /* EmojiPickerTests */,
				E37876CA2AE3C1C800AE5AB4 /* EmojiPickerUITests */,
			);
		};
/* End PBXProject section */

/* Begin PBXResourcesBuildPhase section */
		E37876AF2AE3C1C600AE5AB4 /* Resources */ = {
			isa = PBXResourcesBuildPhase;
			buildActionMask = 2147483647;
			files = (
				E37876BC2AE3C1C800AE5AB4 /* Preview Assets.xcassets in Resources */,
				E37876B92AE3C1C800AE5AB4 /* Assets.xcassets in Resources */,
			);
			runOnlyForDeploymentPostprocessing = 0;
		};
		E37876BF2AE3C1C800AE5AB4 /* Resources */ = {
			isa = PBXResourcesBuildPhase;
			buildActionMask = 2147483647;
			files = (
			);
			runOnlyForDeploymentPostprocessing = 0;
		};
		E37876C92AE3C1C800AE5AB4 /* Resources */ = {
			isa = PBXResourcesBuildPhase;
			buildActionMask = 2147483647;
			files = (
			);
			runOnlyForDeploymentPostprocessing = 0;
		};
/* End PBXResourcesBuildPhase section */

/* Begin PBXSourcesBuildPhase section */
		E37876AD2AE3C1C600AE5AB4 /* Sources */ = {
			isa = PBXSourcesBuildPhase;
			buildActionMask = 2147483647;
			files = (
				E37876B72AE3C1C600AE5AB4 /* ContentView.swift in Sources */,
				E37876B52AE3C1C600AE5AB4 /* EmojiPickerApp.swift in Sources */,
			);
			runOnlyForDeploymentPostprocessing = 0;
		};
		E37876BD2AE3C1C800AE5AB4 /* Sources */ = {
			isa = PBXSourcesBuildPhase;
			buildActionMask = 2147483647;
			files = (
				E37876C62AE3C1C800AE5AB4 /* EmojiPickerTests.swift in Sources */,
			);
			runOnlyForDeploymentPostprocessing = 0;
		};
		E37876C72AE3C1C800AE5AB4 /* Sources */ = {
			isa = PBXSourcesBuildPhase;
			buildActionMask = 2147483647;
			files = (
				E37876D02AE3C1C800AE5AB4 /* EmojiPickerUITests.swift in Sources */,
				E37876D22AE3C1C800AE5AB4 /* EmojiPickerUITestsLaunchTests.swift in Sources */,
			);
			runOnlyForDeploymentPostprocessing = 0;
		};
/* End PBXSourcesBuildPhase section */

/* Begin PBXTargetDependency section */
		E37876C32AE3C1C800AE5AB4 /* PBXTargetDependency */ = {
			isa = PBXTargetDependency;
			target = E37876B02AE3C1C600AE5AB4 /* EmojiPicker */;
			targetProxy = E37876C22AE3C1C800AE5AB4 /* PBXContainerItemProxy */;
		};
		E37876CD2AE3C1C800AE5AB4 /* PBXTargetDependency */ = {
			isa = PBXTargetDependency;
			target = E37876B02AE3C1C600AE5AB4 /* EmojiPicker */;
			targetProxy = E37876CC2AE3C1C800AE5AB4 /* PBXContainerItemProxy */;
		};
/* End PBXTargetDependency section */

/* Begin XCBuildConfiguration section */
		E37876D32AE3C1C800AE5AB4 /* Debug */ = {
			isa = XCBuildConfiguration;
			buildSettings = {
				ALWAYS_SEARCH_USER_PATHS = NO;
				ASSETCATALOG_COMPILER_GENERATE_SWIFT_ASSET_SYMBOL_EXTENSIONS = YES;
				CLANG_ANALYZER_NONNULL = YES;
				CLANG_ANALYZER_NUMBER_OBJECT_CONVERSION = YES_AGGRESSIVE;
				CLANG_CXX_LANGUAGE_STANDARD = "gnu++20";
				CLANG_ENABLE_MODULES = YES;
				CLANG_ENABLE_OBJC_ARC = YES;
				CLANG_ENABLE_OBJC_WEAK = YES;
				CLANG_WARN_BLOCK_CAPTURE_AUTORELEASING = YES;
				CLANG_WARN_BOOL_CONVERSION = YES;
				CLANG_WARN_COMMA = YES;
				CLANG_WARN_CONSTANT_CONVERSION = YES;
				CLANG_WARN_DEPRECATED_OBJC_IMPLEMENTATIONS = YES;
				CLANG_WARN_DIRECT_OBJC_ISA_USAGE = YES_ERROR;
				CLANG_WARN_DOCUMENTATION_COMMENTS = YES;
				CLANG_WARN_EMPTY_BODY = YES;
				CLANG_WARN_ENUM_CONVERSION = YES;
				CLANG_WARN_INFINITE_RECURSION = YES;
				CLANG_WARN_INT_CONVERSION = YES;
				CLANG_WARN_NON_LITERAL_NULL_CONVERSION = YES;
				CLANG_WARN_OBJC_IMPLICIT_RETAIN_SELF = YES;
				CLANG_WARN_OBJC_LITERAL_CONVERSION = YES;
				CLANG_WARN_OBJC_ROOT_CLASS = YES_ERROR;
				CLANG_WARN_QUOTED_INCLUDE_IN_FRAMEWORK_HEADER = YES;
				CLANG_WARN_RANGE_LOOP_ANALYSIS = YES;
				CLANG_WARN_STRICT_PROTOTYPES = YES;
				CLANG_WARN_SUSPICIOUS_MOVE = YES;
				CLANG_WARN_UNGUARDED_AVAILABILITY = YES_AGGRESSIVE;
				CLANG_WARN_UNREACHABLE_CODE = YES;
				CLANG_WARN__DUPLICATE_METHOD_MATCH = YES;
				COPY_PHASE_STRIP = NO;
				DEBUG_INFORMATION_FORMAT = dwarf;
				ENABLE_STRICT_OBJC_MSGSEND = YES;
				ENABLE_TESTABILITY = YES;
				ENABLE_USER_SCRIPT_SANDBOXING = YES;
				GCC_C_LANGUAGE_STANDARD = gnu17;
				GCC_DYNAMIC_NO_PIC = NO;
				GCC_NO_COMMON_BLOCKS = YES;
				GCC_OPTIMIZATION_LEVEL = 0;
				GCC_PREPROCESSOR_DEFINITIONS = (
					"DEBUG=1",
					"$(inherited)",
				);
				GCC_WARN_64_TO_32_BIT_CONVERSION = YES;
				GCC_WARN_ABOUT_RETURN_TYPE = YES_ERROR;
				GCC_WARN_UNDECLARED_SELECTOR = YES;
				GCC_WARN_UNINITIALIZED_AUTOS = YES_AGGRESSIVE;
				GCC_WARN_UNUSED_FUNCTION = YES;
				GCC_WARN_UNUSED_VARIABLE = YES;
				IPHONEOS_DEPLOYMENT_TARGET = 17.0;
				LOCALIZATION_PREFERS_STRING_CATALOGS = YES;
				MTL_ENABLE_DEBUG_INFO = INCLUDE_SOURCE;
				MTL_FAST_MATH = YES;
				ONLY_ACTIVE_ARCH = YES;
				SDKROOT = iphoneos;
				SWIFT_ACTIVE_COMPILATION_CONDITIONS = "DEBUG $(inherited)";
				SWIFT_OPTIMIZATION_LEVEL = "-Onone";
			};
			name = Debug;
		};
		E37876D42AE3C1C800AE5AB4 /* Release */ = {
			isa = XCBuildConfiguration;
			buildSettings = {
				ALWAYS_SEARCH_USER_PATHS = NO;
				ASSETCATALOG_COMPILER_GENERATE_SWIFT_ASSET_SYMBOL_EXTENSIONS = YES;
				CLANG_ANALYZER_NONNULL = YES;
				CLANG_ANALYZER_NUMBER_OBJECT_CONVERSION = YES_AGGRESSIVE;
				CLANG_CXX_LANGUAGE_STANDARD = "gnu++20";
				CLANG_ENABLE_MODULES = YES;
				CLANG_ENABLE_OBJC_ARC = YES;
				CLANG_ENABLE_OBJC_WEAK = YES;
				CLANG_WARN_BLOCK_CAPTURE_AUTORELEASING = YES;
				CLANG_WARN_BOOL_CONVERSION = YES;
				CLANG_WARN_COMMA = YES;
				CLANG_WARN_CONSTANT_CONVERSION = YES;
				CLANG_WARN_DEPRECATED_OBJC_IMPLEMENTATIONS = YES;
				CLANG_WARN_DIRECT_OBJC_ISA_USAGE = YES_ERROR;
				CLANG_WARN_DOCUMENTATION_COMMENTS = YES;
				CLANG_WARN_EMPTY_BODY = YES;
				CLANG_WARN_ENUM_CONVERSION = YES;
				CLANG_WARN_INFINITE_RECURSION = YES;
				CLANG_WARN_INT_CONVERSION = YES;
				CLANG_WARN_NON_LITERAL_NULL_CONVERSION = YES;
				CLANG_WARN_OBJC_IMPLICIT_RETAIN_SELF = YES;
				CLANG_WARN_OBJC_LITERAL_CONVERSION = YES;
				CLANG_WARN_OBJC_ROOT_CLASS = YES_ERROR;
				CLANG_WARN_QUOTED_INCLUDE_IN_FRAMEWORK_HEADER = YES;
				CLANG_WARN_RANGE_LOOP_ANALYSIS = YES;
				CLANG_WARN_STRICT_PROTOTYPES = YES;
				CLANG_WARN_SUSPICIOUS_MOVE = YES;
				CLANG_WARN_UNGUARDED_AVAILABILITY = YES_AGGRESSIVE;
				CLANG_WARN_UNREACHABLE_CODE = YES;
				CLANG_WARN__DUPLICATE_METHOD_MATCH = YES;
				COPY_PHASE_STRIP = NO;
				DEBUG_INFORMATION_FORMAT = "dwarf-with-dsym";
				ENABLE_NS_ASSERTIONS = NO;
				ENABLE_STRICT_OBJC_MSGSEND = YES;
				ENABLE_USER_SCRIPT_SANDBOXING = YES;
				GCC_C_LANGUAGE_STANDARD = gnu17;
				GCC_NO_COMMON_BLOCKS = YES;
				GCC_WARN_64_TO_32_BIT_CONVERSION = YES;
				GCC_WARN_ABOUT_RETURN_TYPE = YES_ERROR;
				GCC_WARN_UNDECLARED_SELECTOR = YES;
				GCC_WARN_UNINITIALIZED_AUTOS = YES_AGGRESSIVE;
				GCC_WARN_UNUSED_FUNCTION = YES;
				GCC_WARN_UNUSED_VARIABLE = YES;
				IPHONEOS_DEPLOYMENT_TARGET = 17.0;
				LOCALIZATION_PREFERS_STRING_CATALOGS = YES;
				MTL_ENABLE_DEBUG_INFO = NO;
				MTL_FAST_MATH = YES;
				SDKROOT = iphoneos;
				SWIFT_COMPILATION_MODE = wholemodule;
				VALIDATE_PRODUCT = YES;
			};
			name = Release;
		};
		E37876D62AE3C1C800AE5AB4 /* Debug */ = {
			isa = XCBuildConfiguration;
			buildSettings = {
				ASSETCATALOG_COMPILER_APPICON_NAME = AppIcon;
				ASSETCATALOG_COMPILER_GLOBAL_ACCENT_COLOR_NAME = AccentColor;
				CODE_SIGN_STYLE = Automatic;
				CURRENT_PROJECT_VERSION = 1;
				DEVELOPMENT_ASSET_PATHS = "\"EmojiPicker/Preview Content\"";
				ENABLE_PREVIEWS = YES;
				GENERATE_INFOPLIST_FILE = YES;
				INFOPLIST_KEY_UIApplicationSceneManifest_Generation = YES;
				INFOPLIST_KEY_UIApplicationSupportsIndirectInputEvents = YES;
				INFOPLIST_KEY_UILaunchScreen_Generation = YES;
				INFOPLIST_KEY_UISupportedInterfaceOrientations_iPad = "UIInterfaceOrientationPortrait UIInterfaceOrientationPortraitUpsideDown UIInterfaceOrientationLandscapeLeft UIInterfaceOrientationLandscapeRight";
				INFOPLIST_KEY_UISupportedInterfaceOrientations_iPhone = "UIInterfaceOrientationPortrait UIInterfaceOrientationLandscapeLeft UIInterfaceOrientationLandscapeRight";
				LD_RUNPATH_SEARCH_PATHS = (
					"$(inherited)",
					"@executable_path/Frameworks",
				);
				MARKETING_VERSION = 1.0;
				PRODUCT_BUNDLE_IDENTIFIER = io.Creative.EmojiPicker;
				PRODUCT_NAME = "$(TARGET_NAME)";
				SWIFT_EMIT_LOC_STRINGS = YES;
				SWIFT_VERSION = 5.0;
				TARGETED_DEVICE_FAMILY = "1,2";
			};
			name = Debug;
		};
		E37876D72AE3C1C800AE5AB4 /* Release */ = {
			isa = XCBuildConfiguration;
			buildSettings = {
				ASSETCATALOG_COMPILER_APPICON_NAME = AppIcon;
				ASSETCATALOG_COMPILER_GLOBAL_ACCENT_COLOR_NAME = AccentColor;
				CODE_SIGN_STYLE = Automatic;
				CURRENT_PROJECT_VERSION = 1;
				DEVELOPMENT_ASSET_PATHS = "\"EmojiPicker/Preview Content\"";
				ENABLE_PREVIEWS = YES;
				GENERATE_INFOPLIST_FILE = YES;
				INFOPLIST_KEY_UIApplicationSceneManifest_Generation = YES;
				INFOPLIST_KEY_UIApplicationSupportsIndirectInputEvents = YES;
				INFOPLIST_KEY_UILaunchScreen_Generation = YES;
				INFOPLIST_KEY_UISupportedInterfaceOrientations_iPad = "UIInterfaceOrientationPortrait UIInterfaceOrientationPortraitUpsideDown UIInterfaceOrientationLandscapeLeft UIInterfaceOrientationLandscapeRight";
				INFOPLIST_KEY_UISupportedInterfaceOrientations_iPhone = "UIInterfaceOrientationPortrait UIInterfaceOrientationLandscapeLeft UIInterfaceOrientationLandscapeRight";
				LD_RUNPATH_SEARCH_PATHS = (
					"$(inherited)",
					"@executable_path/Frameworks",
				);
				MARKETING_VERSION = 1.0;
				PRODUCT_BUNDLE_IDENTIFIER = io.Creative.EmojiPicker;
				PRODUCT_NAME = "$(TARGET_NAME)";
				SWIFT_EMIT_LOC_STRINGS = YES;
				SWIFT_VERSION = 5.0;
				TARGETED_DEVICE_FAMILY = "1,2";
			};
			name = Release;
		};
		E37876D92AE3C1C800AE5AB4 /* Debug */ = {
			isa = XCBuildConfiguration;
			buildSettings = {
				ALWAYS_EMBED_SWIFT_STANDARD_LIBRARIES = YES;
				BUNDLE_LOADER = "$(TEST_HOST)";
				CODE_SIGN_STYLE = Automatic;
				CURRENT_PROJECT_VERSION = 1;
				GENERATE_INFOPLIST_FILE = YES;
				IPHONEOS_DEPLOYMENT_TARGET = 17.0;
				MARKETING_VERSION = 1.0;
				PRODUCT_BUNDLE_IDENTIFIER = io.Creative.EmojiPickerTests;
				PRODUCT_NAME = "$(TARGET_NAME)";
				SWIFT_EMIT_LOC_STRINGS = NO;
				SWIFT_VERSION = 5.0;
				TARGETED_DEVICE_FAMILY = "1,2";
				TEST_HOST = "$(BUILT_PRODUCTS_DIR)/EmojiPicker.app/$(BUNDLE_EXECUTABLE_FOLDER_PATH)/EmojiPicker";
			};
			name = Debug;
		};
		E37876DA2AE3C1C800AE5AB4 /* Release */ = {
			isa = XCBuildConfiguration;
			buildSettings = {
				ALWAYS_EMBED_SWIFT_STANDARD_LIBRARIES = YES;
				BUNDLE_LOADER = "$(TEST_HOST)";
				CODE_SIGN_STYLE = Automatic;
				CURRENT_PROJECT_VERSION = 1;
				GENERATE_INFOPLIST_FILE = YES;
				IPHONEOS_DEPLOYMENT_TARGET = 17.0;
				MARKETING_VERSION = 1.0;
				PRODUCT_BUNDLE_IDENTIFIER = io.Creative.EmojiPickerTests;
				PRODUCT_NAME = "$(TARGET_NAME)";
				SWIFT_EMIT_LOC_STRINGS = NO;
				SWIFT_VERSION = 5.0;
				TARGETED_DEVICE_FAMILY = "1,2";
				TEST_HOST = "$(BUILT_PRODUCTS_DIR)/EmojiPicker.app/$(BUNDLE_EXECUTABLE_FOLDER_PATH)/EmojiPicker";
			};
			name = Release;
		};
		E37876DC2AE3C1C800AE5AB4 /* Debug */ = {
			isa = XCBuildConfiguration;
			buildSettings = {
				ALWAYS_EMBED_SWIFT_STANDARD_LIBRARIES = YES;
				CODE_SIGN_STYLE = Automatic;
				CURRENT_PROJECT_VERSION = 1;
				GENERATE_INFOPLIST_FILE = YES;
				MARKETING_VERSION = 1.0;
				PRODUCT_BUNDLE_IDENTIFIER = io.Creative.EmojiPickerUITests;
				PRODUCT_NAME = "$(TARGET_NAME)";
				SWIFT_EMIT_LOC_STRINGS = NO;
				SWIFT_VERSION = 5.0;
				TARGETED_DEVICE_FAMILY = "1,2";
				TEST_TARGET_NAME = EmojiPicker;
			};
			name = Debug;
		};
		E37876DD2AE3C1C800AE5AB4 /* Release */ = {
			isa = XCBuildConfiguration;
			buildSettings = {
				ALWAYS_EMBED_SWIFT_STANDARD_LIBRARIES = YES;
				CODE_SIGN_STYLE = Automatic;
				CURRENT_PROJECT_VERSION = 1;
				GENERATE_INFOPLIST_FILE = YES;
				MARKETING_VERSION = 1.0;
				PRODUCT_BUNDLE_IDENTIFIER = io.Creative.EmojiPickerUITests;
				PRODUCT_NAME = "$(TARGET_NAME)";
				SWIFT_EMIT_LOC_STRINGS = NO;
				SWIFT_VERSION = 5.0;
				TARGETED_DEVICE_FAMILY = "1,2";
				TEST_TARGET_NAME = EmojiPicker;
			};
			name = Release;
		};
/* End XCBuildConfiguration section */

/* Begin XCConfigurationList section */
		E37876AC2AE3C1C600AE5AB4 /* Build configuration list for PBXProject "EmojiPicker" */ = {
			isa = XCConfigurationList;
			buildConfigurations = (
				E37876D32AE3C1C800AE5AB4 /* Debug */,
				E37876D42AE3C1C800AE5AB4 /* Release */,
			);
			defaultConfigurationIsVisible = 0;
			defaultConfigurationName = Release;
		};
		E37876D52AE3C1C800AE5AB4 /* Build configuration list for PBXNativeTarget "EmojiPicker" */ = {
			isa = XCConfigurationList;
			buildConfigurations = (
				E37876D62AE3C1C800AE5AB4 /* Debug */,
				E37876D72AE3C1C800AE5AB4 /* Release */,
			);
			defaultConfigurationIsVisible = 0;
			defaultConfigurationName = Release;
		};
		E37876D82AE3C1C800AE5AB4 /* Build configuration list for PBXNativeTarget "EmojiPickerTests" */ = {
			isa = XCConfigurationList;
			buildConfigurations = (
				E37876D92AE3C1C800AE5AB4 /* Debug */,
				E37876DA2AE3C1C800AE5AB4 /* Release */,
			);
			defaultConfigurationIsVisible = 0;
			defaultConfigurationName = Release;
		};
		E37876DB2AE3C1C800AE5AB4 /* Build configuration list for PBXNativeTarget "EmojiPickerUITests" */ = {
			isa = XCConfigurationList;
			buildConfigurations = (
				E37876DC2AE3C1C800AE5AB4 /* Debug */,
				E37876DD2AE3C1C800AE5AB4 /* Release */,
			);
			defaultConfigurationIsVisible = 0;
			defaultConfigurationName = Release;
		};
/* End XCConfigurationList section */
	};
	rootObject = E37876A92AE3C1C600AE5AB4 /* Project object */;
}
